
Microsoft Visual Studio Solution File, Format Version 12.00
# Visual Studio 15
Project("{FAE04EC0-301F-11D3-BF4B-00C04F79EFBC}") = "processatexto", "processatexto\processatexto.csproj", "{FF1A2419-0B2A-45B2-93E9-5B7C16C39C5F}"
EndProject
Global
	GlobalSection(SolutionConfigurationPlatforms) = preSolution
		Debug|Any CPU = Debug|Any CPU
		Release|Any CPU = Release|Any CPU
	EndGlobalSection
	GlobalSection(ProjectConfigurationPlatforms) = postSolution
		{FF1A2419-0B2A-45B2-93E9-5B7C16C39C5F}.Debug|Any CPU.ActiveCfg = Debug|Any CPU
		{FF1A2419-0B2A-45B2-93E9-5B7C16C39C5F}.Debug|Any CPU.Build.0 = Debug|Any CPU
		{FF1A2419-0B2A-45B2-93E9-5B7C16C39C5F}.Release|Any CPU.ActiveCfg = Release|Any CPU
		{FF1A2419-0B2A-45B2-93E9-5B7C16C39C5F}.Release|Any CPU.Build.0 = Release|Any CPU
	EndGlobalSection
EndGlobal
